
Microsoft Visual Studio Solution File, Format Version 12.00
# Visual Studio Version 16
VisualStudioVersion = 16.0.30011.22
MinimumVisualStudioVersion = 10.0.40219.1
Project("{FAE04EC0-301F-11D3-BF4B-00C04F79EFBC}") = "data", "data.csproj", "{4C60B5C0-EE6C-4F67-BAB0-F2BB2A1D58A6}"
EndProject
Global
	GlobalSection(SolutionConfigurationPlatforms) = preSolution
		Debug|Any CPU = Debug|Any CPU
		Release|Any CPU = Release|Any CPU
	EndGlobalSection
	GlobalSection(ProjectConfigurationPlatforms) = postSolution
		{4C60B5C0-EE6C-4F67-BAB0-F2BB2A1D58A6}.Debug|Any CPU.ActiveCfg = Debug|Any CPU
		{4C60B5C0-EE6C-4F67-BAB0-F2BB2A1D58A6}.Debug|Any CPU.Build.0 = Debug|Any CPU
		{4C60B5C0-EE6C-4F67-BAB0-F2BB2A1D58A6}.Release|Any CPU.ActiveCfg = Release|Any CPU
		{4C60B5C0-EE6C-4F67-BAB0-F2BB2A1D58A6}.Release|Any CPU.Build.0 = Release|Any CPU
	EndGlobalSection
	GlobalSection(SolutionProperties) = preSolution
		HideSolutionNode = FALSE
	EndGlobalSection
	GlobalSection(ExtensibilityGlobals) = postSolution
		SolutionGuid = {BBE48139-AC34-4072-98D9-156CC80B6201}
	EndGlobalSection
EndGlobal
